
Microsoft Visual Studio Solution File, Format Version 11.00
# Visual Studio 2010
Project("{8BC9CEB8-8B4A-11D0-8D11-00A0C91BC942}") = "LedCube4x4x4", "LedCube4x4x4.vcxproj", "{87C45646-7CE3-4AC4-8F25-BF46C2A3167D}"
EndProject
Global
	GlobalSection(SolutionConfigurationPlatforms) = preSolution
		Debug|Win32 = Debug|Win32
		Release|Win32 = Release|Win32
	EndGlobalSection
	GlobalSection(ProjectConfigurationPlatforms) = postSolution
		{87C45646-7CE3-4AC4-8F25-BF46C2A3167D}.Debug|Win32.ActiveCfg = Debug|Win32
		{87C45646-7CE3-4AC4-8F25-BF46C2A3167D}.Debug|Win32.Build.0 = Debug|Win32
		{87C45646-7CE3-4AC4-8F25-BF46C2A3167D}.Release|Win32.ActiveCfg = Release|Win32
		{87C45646-7CE3-4AC4-8F25-BF46C2A3167D}.Release|Win32.Build.0 = Release|Win32
	EndGlobalSection
	GlobalSection(SolutionProperties) = preSolution
		HideSolutionNode = FALSE
	EndGlobalSection
EndGlobal
